
Microsoft Visual Studio Solution File, Format Version 12.00
# Visual Studio Version 17
VisualStudioVersion = 17.8.34330.188
MinimumVisualStudioVersion = 10.0.40219.1
Project("{FAE04EC0-301F-11D3-BF4B-00C04F79EFBC}") = "Phase1Section4.13", "Phase1Section4.13\Phase1Section4.13.csproj", "{D38AC3E0-BF3F-4213-9601-B1FD54529810}"
EndProject
Global
	GlobalSection(SolutionConfigurationPlatforms) = preSolution
		Debug|Any CPU = Debug|Any CPU
		Release|Any CPU = Release|Any CPU
	EndGlobalSection
	GlobalSection(ProjectConfigurationPlatforms) = postSolution
		{D38AC3E0-BF3F-4213-9601-B1FD54529810}.Debug|Any CPU.ActiveCfg = Debug|Any CPU
		{D38AC3E0-BF3F-4213-9601-B1FD54529810}.Debug|Any CPU.Build.0 = Debug|Any CPU
		{D38AC3E0-BF3F-4213-9601-B1FD54529810}.Release|Any CPU.ActiveCfg = Release|Any CPU
		{D38AC3E0-BF3F-4213-9601-B1FD54529810}.Release|Any CPU.Build.0 = Release|Any CPU
	EndGlobalSection
	GlobalSection(SolutionProperties) = preSolution
		HideSolutionNode = FALSE
	EndGlobalSection
	GlobalSection(ExtensibilityGlobals) = postSolution
		SolutionGuid = {DF5CE6BE-43E4-4AA3-ADA4-7A727C083723}
	EndGlobalSection
EndGlobal
